
Microsoft Visual Studio Solution File, Format Version 12.00
# Visual Studio Version 16
VisualStudioVersion = 16.0.30330.147
MinimumVisualStudioVersion = 10.0.40219.1
Project("{FAE04EC0-301F-11D3-BF4B-00C04F79EFBC}") = "NUnitTestProject2", "NUnitTestProject2\NUnitTestProject2.csproj", "{BFF77708-18DF-484E-8340-D8EC2DB265EB}"
EndProject
Global
	GlobalSection(SolutionConfigurationPlatforms) = preSolution
		Debug|Any CPU = Debug|Any CPU
		Release|Any CPU = Release|Any CPU
	EndGlobalSection
	GlobalSection(ProjectConfigurationPlatforms) = postSolution
		{BFF77708-18DF-484E-8340-D8EC2DB265EB}.Debug|Any CPU.ActiveCfg = Debug|Any CPU
		{BFF77708-18DF-484E-8340-D8EC2DB265EB}.Debug|Any CPU.Build.0 = Debug|Any CPU
		{BFF77708-18DF-484E-8340-D8EC2DB265EB}.Release|Any CPU.ActiveCfg = Release|Any CPU
		{BFF77708-18DF-484E-8340-D8EC2DB265EB}.Release|Any CPU.Build.0 = Release|Any CPU
	EndGlobalSection
	GlobalSection(SolutionProperties) = preSolution
		HideSolutionNode = FALSE
	EndGlobalSection
	GlobalSection(ExtensibilityGlobals) = postSolution
		SolutionGuid = {229E2ADD-0850-4740-B5CA-8CA8BFF4F482}
	EndGlobalSection
EndGlobal
